
Microsoft Visual Studio Solution File, Format Version 12.00
# Visual Studio Version 17
VisualStudioVersion = 17.11.35327.3
MinimumVisualStudioVersion = 10.0.40219.1
Project("{9A19103F-16F7-4668-BE54-9A1E7A4F7556}") = "CMOS", "CMOS\CMOS.csproj", "{808AA447-F21A-491F-A112-27FEF3379780}"
EndProject
Project("{9A19103F-16F7-4668-BE54-9A1E7A4F7556}") = "CMOS.Debug", "CMOS.Debug\CMOS.Debug.csproj", "{6B3FAA50-88F5-4E0B-A276-C13C20E00ED3}"
EndProject
Project("{9A19103F-16F7-4668-BE54-9A1E7A4F7556}") = "CMOS.Apps", "CMOS.Apps\CMOS.Apps.csproj", "{52FE8BF7-AA8A-44DD-97CB-9F36DA558F43}"
EndProject
Project("{FAE04EC0-301F-11D3-BF4B-00C04F79EFBC}") = "CMOS.Framework", "CMOS.Framework\CMOS.Framework.csproj", "{D57CA565-17BA-4336-82FC-7BA133E0AFB4}"
EndProject
Global
	GlobalSection(SolutionConfigurationPlatforms) = preSolution
		Debug|Any CPU = Debug|Any CPU
		Release|Any CPU = Release|Any CPU
	EndGlobalSection
	GlobalSection(ProjectConfigurationPlatforms) = postSolution
		{808AA447-F21A-491F-A112-27FEF3379780}.Debug|Any CPU.ActiveCfg = Debug|Any CPU
		{808AA447-F21A-491F-A112-27FEF3379780}.Debug|Any CPU.Build.0 = Debug|Any CPU
		{808AA447-F21A-491F-A112-27FEF3379780}.Release|Any CPU.ActiveCfg = Release|Any CPU
		{808AA447-F21A-491F-A112-27FEF3379780}.Release|Any CPU.Build.0 = Release|Any CPU
		{6B3FAA50-88F5-4E0B-A276-C13C20E00ED3}.Debug|Any CPU.ActiveCfg = Debug|Any CPU
		{6B3FAA50-88F5-4E0B-A276-C13C20E00ED3}.Debug|Any CPU.Build.0 = Debug|Any CPU
		{6B3FAA50-88F5-4E0B-A276-C13C20E00ED3}.Release|Any CPU.ActiveCfg = Release|Any CPU
		{6B3FAA50-88F5-4E0B-A276-C13C20E00ED3}.Release|Any CPU.Build.0 = Release|Any CPU
		{52FE8BF7-AA8A-44DD-97CB-9F36DA558F43}.Debug|Any CPU.ActiveCfg = Debug|Any CPU
		{52FE8BF7-AA8A-44DD-97CB-9F36DA558F43}.Debug|Any CPU.Build.0 = Debug|Any CPU
		{52FE8BF7-AA8A-44DD-97CB-9F36DA558F43}.Release|Any CPU.ActiveCfg = Release|Any CPU
		{52FE8BF7-AA8A-44DD-97CB-9F36DA558F43}.Release|Any CPU.Build.0 = Release|Any CPU
		{D57CA565-17BA-4336-82FC-7BA133E0AFB4}.Debug|Any CPU.ActiveCfg = Debug|Any CPU
		{D57CA565-17BA-4336-82FC-7BA133E0AFB4}.Debug|Any CPU.Build.0 = Debug|Any CPU
		{D57CA565-17BA-4336-82FC-7BA133E0AFB4}.Release|Any CPU.ActiveCfg = Release|Any CPU
		{D57CA565-17BA-4336-82FC-7BA133E0AFB4}.Release|Any CPU.Build.0 = Release|Any CPU
	EndGlobalSection
	GlobalSection(SolutionProperties) = preSolution
		HideSolutionNode = FALSE
	EndGlobalSection
	GlobalSection(ExtensibilityGlobals) = postSolution
		SolutionGuid = {EDD050B2-4830-45E0-8C77-EDE3BCB18040}
	EndGlobalSection
EndGlobal
